
Microsoft Visual Studio Solution File, Format Version 12.00
# Visual Studio Version 17
VisualStudioVersion = 17.1.32319.34
MinimumVisualStudioVersion = 10.0.40219.1
Project("{9A19103F-16F7-4668-BE54-9A1E7A4F7556}") = "OrleansShardedStorageProvider", "OrleansShardedStorageProvider\OrleansShardedStorageProvider.csproj", "{D4C96D42-C60A-485B-9E2A-7008DC0074E5}"
EndProject
Global
	GlobalSection(SolutionConfigurationPlatforms) = preSolution
		Debug|Any CPU = Debug|Any CPU
		Release|Any CPU = Release|Any CPU
	EndGlobalSection
	GlobalSection(ProjectConfigurationPlatforms) = postSolution
		{D4C96D42-C60A-485B-9E2A-7008DC0074E5}.Debug|Any CPU.ActiveCfg = Debug|Any CPU
		{D4C96D42-C60A-485B-9E2A-7008DC0074E5}.Debug|Any CPU.Build.0 = Debug|Any CPU
		{D4C96D42-C60A-485B-9E2A-7008DC0074E5}.Release|Any CPU.ActiveCfg = Release|Any CPU
		{D4C96D42-C60A-485B-9E2A-7008DC0074E5}.Release|Any CPU.Build.0 = Release|Any CPU
	EndGlobalSection
	GlobalSection(SolutionProperties) = preSolution
		HideSolutionNode = FALSE
	EndGlobalSection
	GlobalSection(ExtensibilityGlobals) = postSolution
		SolutionGuid = {E8925F67-F822-41C2-8472-E646025F8C0E}
	EndGlobalSection
EndGlobal
